// !$*UTF8*$!
{
	archiveVersion = 1;
	classes = {
	};
	objectVersion = 46;
	objects = {

/* Begin PBXBuildFile section */
		8390411E1E2C32AA00ECEDF2 /* Constants.swift in Sources */ = {isa = PBXBuildFile; fileRef = 8390411D1E2C32AA00ECEDF2 /* Constants.swift */; };
		839A89A51E2B6353007C1F70 /* AppDelegate.swift in Sources */ = {isa = PBXBuildFile; fileRef = 839A89A41E2B6353007C1F70 /* AppDelegate.swift */; };
		839A89A71E2B6353007C1F70 /* MainVC.swift in Sources */ = {isa = PBXBuildFile; fileRef = 839A89A61E2B6353007C1F70 /* MainVC.swift */; };
		839A89AA1E2B6353007C1F70 /* Main.storyboard in Resources */ = {isa = PBXBuildFile; fileRef = 839A89A81E2B6353007C1F70 /* Main.storyboard */; };
		839A89AC1E2B6353007C1F70 /* Assets.xcassets in Resources */ = {isa = PBXBuildFile; fileRef = 839A89AB1E2B6353007C1F70 /* Assets.xcassets */; };
		839A89AF1E2B6353007C1F70 /* LaunchScreen.storyboard in Resources */ = {isa = PBXBuildFile; fileRef = 839A89AD1E2B6353007C1F70 /* LaunchScreen.storyboard */; };
		839A89B71E2B6808007C1F70 /* pokémon.csv in Resources */ = {isa = PBXBuildFile; fileRef = 839A89B61E2B6808007C1F70 /* pokémon.csv */; };
		839A89BA1E2B6931007C1F70 /* Pokémon.swift in Sources */ = {isa = PBXBuildFile; fileRef = 839A89B91E2B6931007C1F70 /* Pokémon.swift */; };
		839A89BC1E2B6EF1007C1F70 /* Pokemon GB.ttf in Resources */ = {isa = PBXBuildFile; fileRef = 839A89BB1E2B6EB6007C1F70 /* Pokemon GB.ttf */; };
		839A89BF1E2B71B4007C1F70 /* PokédexCell.swift in Sources */ = {isa = PBXBuildFile; fileRef = 839A89BE1E2B71B4007C1F70 /* PokédexCell.swift */; };
		839A89C41E2B7C16007C1F70 /* CSVParser.swift in Sources */ = {isa = PBXBuildFile; fileRef = 839A89C31E2B7C16007C1F70 /* CSVParser.swift */; };
		839A89C81E2BF441007C1F70 /* Pokemon Solid.ttf in Resources */ = {isa = PBXBuildFile; fileRef = 839A89C71E2BF441007C1F70 /* Pokemon Solid.ttf */; };
		839A89CA1E2BF5E0007C1F70 /* music.mp3 in Resources */ = {isa = PBXBuildFile; fileRef = 839A89C91E2BF5E0007C1F70 /* music.mp3 */; };
		839A89CC1E2C07A7007C1F70 /* PokémonDetailVC.swift in Sources */ = {isa = PBXBuildFile; fileRef = 839A89CB1E2C07A7007C1F70 /* PokémonDetailVC.swift */; };
		A908DDC47CE1DA4ED860AE0C /* Pods_Poke_dex.framework in Frameworks */ = {isa = PBXBuildFile; fileRef = F28706BBE27036D916380564 /* Pods_Poke_dex.framework */; };
/* End PBXBuildFile section */

/* Begin PBXFileReference section */
		0A62088367D81CE062F685C6 /* Pods-Pokédex.release.xcconfig */ = {isa = PBXFileReference; includeInIndex = 1; lastKnownFileType = text.xcconfig; name = "Pods-Pokédex.release.xcconfig"; path = "Pods/Target Support Files/Pods-Pokédex/Pods-Pokédex.release.xcconfig"; sourceTree = "<group>"; };
		8390411D1E2C32AA00ECEDF2 /* Constants.swift */ = {isa = PBXFileReference; fileEncoding = 4; lastKnownFileType = sourcecode.swift; path = Constants.swift; sourceTree = "<group>"; };
		839A89A11E2B6353007C1F70 /* Pokédex.app */ = {isa = PBXFileReference; explicitFileType = wrapper.application; includeInIndex = 0; path = "Pokédex.app"; sourceTree = BUILT_PRODUCTS_DIR; };
		839A89A41E2B6353007C1F70 /* AppDelegate.swift */ = {isa = PBXFileReference; lastKnownFileType = sourcecode.swift; path = AppDelegate.swift; sourceTree = "<group>"; };
		839A89A61E2B6353007C1F70 /* MainVC.swift */ = {isa = PBXFileReference; lastKnownFileType = sourcecode.swift; path = MainVC.swift; sourceTree = "<group>"; };
		839A89A91E2B6353007C1F70 /* Base */ = {isa = PBXFileReference; lastKnownFileType = file.storyboard; name = Base; path = Base.lproj/Main.storyboard; sourceTree = "<group>"; };
		839A89AB1E2B6353007C1F70 /* Assets.xcassets */ = {isa = PBXFileReference; lastKnownFileType = folder.assetcatalog; path = Assets.xcassets; sourceTree = "<group>"; };
		839A89AE1E2B6353007C1F70 /* Base */ = {isa = PBXFileReference; lastKnownFileType = file.storyboard; name = Base; path = Base.lproj/LaunchScreen.storyboard; sourceTree = "<group>"; };
		839A89B01E2B6353007C1F70 /* Info.plist */ = {isa = PBXFileReference; lastKnownFileType = text.plist.xml; path = Info.plist; sourceTree = "<group>"; };
		839A89B61E2B6808007C1F70 /* pokémon.csv */ = {isa = PBXFileReference; fileEncoding = 4; lastKnownFileType = text; path = "pokémon.csv"; sourceTree = "<group>"; };
		839A89B91E2B6931007C1F70 /* Pokémon.swift */ = {isa = PBXFileReference; fileEncoding = 4; lastKnownFileType = sourcecode.swift; path = "Pokémon.swift"; sourceTree = "<group>"; };
		839A89BB1E2B6EB6007C1F70 /* Pokemon GB.ttf */ = {isa = PBXFileReference; lastKnownFileType = file; path = "Pokemon GB.ttf"; sourceTree = "<group>"; };
		839A89BE1E2B71B4007C1F70 /* PokédexCell.swift */ = {isa = PBXFileReference; fileEncoding = 4; lastKnownFileType = sourcecode.swift; path = "PokédexCell.swift"; sourceTree = "<group>"; };
		839A89C31E2B7C16007C1F70 /* CSVParser.swift */ = {isa = PBXFileReference; fileEncoding = 4; lastKnownFileType = sourcecode.swift; path = CSVParser.swift; sourceTree = "<group>"; };
		839A89C71E2BF441007C1F70 /* Pokemon Solid.ttf */ = {isa = PBXFileReference; lastKnownFileType = file; path = "Pokemon Solid.ttf"; sourceTree = "<group>"; };
		839A89C91E2BF5E0007C1F70 /* music.mp3 */ = {isa = PBXFileReference; lastKnownFileType = audio.mp3; path = music.mp3; sourceTree = "<group>"; };
		839A89CB1E2C07A7007C1F70 /* PokémonDetailVC.swift */ = {isa = PBXFileReference; fileEncoding = 4; lastKnownFileType = sourcecode.swift; path = "PokémonDetailVC.swift"; sourceTree = "<group>"; };
		99E11CD8181ABB0ABB98A9C7 /* Pods-Pokédex.debug.xcconfig */ = {isa = PBXFileReference; includeInIndex = 1; lastKnownFileType = text.xcconfig; name = "Pods-Pokédex.debug.xcconfig"; path = "Pods/Target Support Files/Pods-Pokédex/Pods-Pokédex.debug.xcconfig"; sourceTree = "<group>"; };
		F28706BBE27036D916380564 /* Pods_Poke_dex.framework */ = {isa = PBXFileReference; explicitFileType = wrapper.framework; includeInIndex = 0; path = Pods_Poke_dex.framework; sourceTree = BUILT_PRODUCTS_DIR; };
/* End PBXFileReference section */

/* Begin PBXFrameworksBuildPhase section */
		839A899E1E2B6353007C1F70 /* Frameworks */ = {
			isa = PBXFrameworksBuildPhase;
			buildActionMask = 2147483647;
			files = (
				A908DDC47CE1DA4ED860AE0C /* Pods_Poke_dex.framework in Frameworks */,
			);
			runOnlyForDeploymentPostprocessing = 0;
		};
/* End PBXFrameworksBuildPhase section */

/* Begin PBXGroup section */
		695095285271C5EB026B8709 /* Pods */ = {
			isa = PBXGroup;
			children = (
				99E11CD8181ABB0ABB98A9C7 /* Pods-Pokédex.debug.xcconfig */,
				0A62088367D81CE062F685C6 /* Pods-Pokédex.release.xcconfig */,
			);
			name = Pods;
			sourceTree = "<group>";
		};
		833F09D51EA6C01700E7443D /* Storyboards */ = {
			isa = PBXGroup;
			children = (
				839A89A81E2B6353007C1F70 /* Main.storyboard */,
				839A89AD1E2B6353007C1F70 /* LaunchScreen.storyboard */,
			);
			name = Storyboards;
			sourceTree = "<group>";
		};
		839A89981E2B6353007C1F70 = {
			isa = PBXGroup;
			children = (
				839A89A31E2B6353007C1F70 /* Pokédex */,
				839A89A21E2B6353007C1F70 /* Products */,
				695095285271C5EB026B8709 /* Pods */,
				CCE03030CC29CFEAB1100DB4 /* Frameworks */,
			);
			sourceTree = "<group>";
		};
		839A89A21E2B6353007C1F70 /* Products */ = {
			isa = PBXGroup;
			children = (
				839A89A11E2B6353007C1F70 /* Pokédex.app */,
			);
			name = Products;
			sourceTree = "<group>";
		};
		839A89A31E2B6353007C1F70 /* Pokédex */ = {
			isa = PBXGroup;
			children = (
				839A89C51E2BF37B007C1F70 /* Resources */,
				839A89C61E2BF39C007C1F70 /* Utilities */,
				839A89B81E2B6924007C1F70 /* Models */,
				839A89BD1E2B7186007C1F70 /* Views */,
				839A89C01E2B7359007C1F70 /* Controllers */,
				833F09D51EA6C01700E7443D /* Storyboards */,
			);
			path = "Pokédex";
			sourceTree = "<group>";
		};
		839A89B81E2B6924007C1F70 /* Models */ = {
			isa = PBXGroup;
			children = (
				839A89B91E2B6931007C1F70 /* Pokémon.swift */,
			);
			name = Models;
			sourceTree = "<group>";
		};
		839A89BD1E2B7186007C1F70 /* Views */ = {
			isa = PBXGroup;
			children = (
				839A89BE1E2B71B4007C1F70 /* PokédexCell.swift */,
			);
			name = Views;
			sourceTree = "<group>";
		};
		839A89C01E2B7359007C1F70 /* Controllers */ = {
			isa = PBXGroup;
			children = (
				839A89A61E2B6353007C1F70 /* MainVC.swift */,
				839A89CB1E2C07A7007C1F70 /* PokémonDetailVC.swift */,
			);
			name = Controllers;
			sourceTree = "<group>";
		};
		839A89C51E2BF37B007C1F70 /* Resources */ = {
			isa = PBXGroup;
			children = (
				839A89AB1E2B6353007C1F70 /* Assets.xcassets */,
				839A89BB1E2B6EB6007C1F70 /* Pokemon GB.ttf */,
				839A89C71E2BF441007C1F70 /* Pokemon Solid.ttf */,
				839A89B61E2B6808007C1F70 /* pokémon.csv */,
				839A89C91E2BF5E0007C1F70 /* music.mp3 */,
			);
			name = Resources;
			sourceTree = "<group>";
		};
		839A89C61E2BF39C007C1F70 /* Utilities */ = {
			isa = PBXGroup;
			children = (
				839A89B01E2B6353007C1F70 /* Info.plist */,
				839A89A41E2B6353007C1F70 /* AppDelegate.swift */,
				839A89C31E2B7C16007C1F70 /* CSVParser.swift */,
				8390411D1E2C32AA00ECEDF2 /* Constants.swift */,
			);
			name = Utilities;
			sourceTree = "<group>";
		};
		CCE03030CC29CFEAB1100DB4 /* Frameworks */ = {
			isa = PBXGroup;
			children = (
				F28706BBE27036D916380564 /* Pods_Poke_dex.framework */,
			);
			name = Frameworks;
			sourceTree = "<group>";
		};
/* End PBXGroup section */

/* Begin PBXNativeTarget section */
		839A89A01E2B6353007C1F70 /* Pokédex */ = {
			isa = PBXNativeTarget;
			buildConfigurationList = 839A89B31E2B6353007C1F70 /* Build configuration list for PBXNativeTarget "Pokédex" */;
			buildPhases = (
				A1472BC88B32AAEF66185ECF /* [CP] Check Pods Manifest.lock */,
				839A899D1E2B6353007C1F70 /* Sources */,
				839A899E1E2B6353007C1F70 /* Frameworks */,
				839A899F1E2B6353007C1F70 /* Resources */,
				6C739A74387D67A9168C86FF /* [CP] Embed Pods Frameworks */,
				A53881F82B4C23DCBF566F45 /* [CP] Copy Pods Resources */,
			);
			buildRules = (
			);
			dependencies = (
			);
			name = "Pokédex";
			productName = "Pokédex";
			productReference = 839A89A11E2B6353007C1F70 /* Pokédex.app */;
			productType = "com.apple.product-type.application";
		};
/* End PBXNativeTarget section */

/* Begin PBXProject section */
		839A89991E2B6353007C1F70 /* Project object */ = {
			isa = PBXProject;
			attributes = {
				LastSwiftUpdateCheck = 0820;
				LastUpgradeCheck = 0820;
				ORGANIZATIONNAME = "Chris Brown";
				TargetAttributes = {
					839A89A01E2B6353007C1F70 = {
						CreatedOnToolsVersion = 8.2.1;
						DevelopmentTeam = 4XT2VA5V66;
						LastSwiftMigration = 0820;
						ProvisioningStyle = Automatic;
					};
				};
			};
			buildConfigurationList = 839A899C1E2B6353007C1F70 /* Build configuration list for PBXProject "Pokédex" */;
			compatibilityVersion = "Xcode 3.2";
			developmentRegion = English;
			hasScannedForEncodings = 0;
			knownRegions = (
				en,
				Base,
			);
			mainGroup = 839A89981E2B6353007C1F70;
			productRefGroup = 839A89A21E2B6353007C1F70 /* Products */;
			projectDirPath = "";
			projectRoot = "";
			targets = (
				839A89A01E2B6353007C1F70 /* Pokédex */,
			);
		};
/* End PBXProject section */

/* Begin PBXResourcesBuildPhase section */
		839A899F1E2B6353007C1F70 /* Resources */ = {
			isa = PBXResourcesBuildPhase;
			buildActionMask = 2147483647;
			files = (
				839A89AF1E2B6353007C1F70 /* LaunchScreen.storyboard in Resources */,
				839A89AA1E2B6353007C1F70 /* Main.storyboard in Resources */,
				839A89AC1E2B6353007C1F70 /* Assets.xcassets in Resources */,
				839A89BC1E2B6EF1007C1F70 /* Pokemon GB.ttf in Resources */,
				839A89C81E2BF441007C1F70 /* Pokemon Solid.ttf in Resources */,
				839A89CA1E2BF5E0007C1F70 /* music.mp3 in Resources */,
				839A89B71E2B6808007C1F70 /* pokémon.csv in Resources */,
			);
			runOnlyForDeploymentPostprocessing = 0;
		};
/* End PBXResourcesBuildPhase section */

/* Begin PBXShellScriptBuildPhase section */
		6C739A74387D67A9168C86FF /* [CP] Embed Pods Frameworks */ = {
			isa = PBXShellScriptBuildPhase;
			buildActionMask = 2147483647;
			files = (
			);
			inputPaths = (
			);
			name = "[CP] Embed Pods Frameworks";
			outputPaths = (
			);
			runOnlyForDeploymentPostprocessing = 0;
			shellPath = /bin/sh;
			shellScript = "\"${SRCROOT}/Pods/Target Support Files/Pods-Pokédex/Pods-Pokédex-frameworks.sh\"\n";
			showEnvVarsInLog = 0;
		};
		A1472BC88B32AAEF66185ECF /* [CP] Check Pods Manifest.lock */ = {
			isa = PBXShellScriptBuildPhase;
			buildActionMask = 2147483647;
			files = (
			);
			inputPaths = (
			);
			name = "[CP] Check Pods Manifest.lock";
			outputPaths = (
			);
			runOnlyForDeploymentPostprocessing = 0;
			shellPath = /bin/sh;
			shellScript = "diff \"${PODS_PODFILE_DIR_PATH}/Podfile.lock\" \"${PODS_ROOT}/Manifest.lock\" > /dev/null\nif [ $? != 0 ] ; then\n    # print error to STDERR\n    echo \"error: The sandbox is not in sync with the Podfile.lock. Run 'pod install' or update your CocoaPods installation.\" >&2\n    exit 1\nfi\n";
			showEnvVarsInLog = 0;
		};
		A53881F82B4C23DCBF566F45 /* [CP] Copy Pods Resources */ = {
			isa = PBXShellScriptBuildPhase;
			buildActionMask = 2147483647;
			files = (
			);
			inputPaths = (
			);
			name = "[CP] Copy Pods Resources";
			outputPaths = (
			);
			runOnlyForDeploymentPostprocessing = 0;
			shellPath = /bin/sh;
			shellScript = "\"${SRCROOT}/Pods/Target Support Files/Pods-Pokédex/Pods-Pokédex-resources.sh\"\n";
			showEnvVarsInLog = 0;
		};
/* End PBXShellScriptBuildPhase section */

/* Begin PBXSourcesBuildPhase section */
		839A899D1E2B6353007C1F70 /* Sources */ = {
			isa = PBXSourcesBuildPhase;
			buildActionMask = 2147483647;
			files = (
				839A89A71E2B6353007C1F70 /* MainVC.swift in Sources */,
				839A89CC1E2C07A7007C1F70 /* PokémonDetailVC.swift in Sources */,
				839A89A51E2B6353007C1F70 /* AppDelegate.swift in Sources */,
				839A89BF1E2B71B4007C1F70 /* PokédexCell.swift in Sources */,
				8390411E1E2C32AA00ECEDF2 /* Constants.swift in Sources */,
				839A89BA1E2B6931007C1F70 /* Pokémon.swift in Sources */,
				839A89C41E2B7C16007C1F70 /* CSVParser.swift in Sources */,
			);
			runOnlyForDeploymentPostprocessing = 0;
		};
/* End PBXSourcesBuildPhase section */

/* Begin PBXVariantGroup section */
		839A89A81E2B6353007C1F70 /* Main.storyboard */ = {
			isa = PBXVariantGroup;
			children = (
				839A89A91E2B6353007C1F70 /* Base */,
			);
			name = Main.storyboard;
			sourceTree = "<group>";
		};
		839A89AD1E2B6353007C1F70 /* LaunchScreen.storyboard */ = {
			isa = PBXVariantGroup;
			children = (
				839A89AE1E2B6353007C1F70 /* Base */,
			);
			name = LaunchScreen.storyboard;
			sourceTree = "<group>";
		};
/* End PBXVariantGroup section */

/* Begin XCBuildConfiguration section */
		839A89B11E2B6353007C1F70 /* Debug */ = {
			isa = XCBuildConfiguration;
			buildSettings = {
				ALWAYS_SEARCH_USER_PATHS = NO;
				CLANG_ANALYZER_NONNULL = YES;
				CLANG_CXX_LANGUAGE_STANDARD = "gnu++0x";
				CLANG_CXX_LIBRARY = "libc++";
				CLANG_ENABLE_MODULES = YES;
				CLANG_ENABLE_OBJC_ARC = YES;
				CLANG_WARN_BOOL_CONVERSION = YES;
				CLANG_WARN_CONSTANT_CONVERSION = YES;
				CLANG_WARN_DIRECT_OBJC_ISA_USAGE = YES_ERROR;
				CLANG_WARN_DOCUMENTATION_COMMENTS = YES;
				CLANG_WARN_EMPTY_BODY = YES;
				CLANG_WARN_ENUM_CONVERSION = YES;
				CLANG_WARN_INFINITE_RECURSION = YES;
				CLANG_WARN_INT_CONVERSION = YES;
				CLANG_WARN_OBJC_ROOT_CLASS = YES_ERROR;
				CLANG_WARN_SUSPICIOUS_MOVE = YES;
				CLANG_WARN_UNREACHABLE_CODE = YES;
				CLANG_WARN__DUPLICATE_METHOD_MATCH = YES;
				"CODE_SIGN_IDENTITY[sdk=iphoneos*]" = "iPhone Developer";
				COPY_PHASE_STRIP = NO;
				DEBUG_INFORMATION_FORMAT = dwarf;
				ENABLE_STRICT_OBJC_MSGSEND = YES;
				ENABLE_TESTABILITY = YES;
				GCC_C_LANGUAGE_STANDARD = gnu99;
				GCC_DYNAMIC_NO_PIC = NO;
				GCC_NO_COMMON_BLOCKS = YES;
				GCC_OPTIMIZATION_LEVEL = 0;
				GCC_PREPROCESSOR_DEFINITIONS = (
					"DEBUG=1",
					"$(inherited)",
				);
				GCC_WARN_64_TO_32_BIT_CONVERSION = YES;
				GCC_WARN_ABOUT_RETURN_TYPE = YES_ERROR;
				GCC_WARN_UNDECLARED_SELECTOR = YES;
				GCC_WARN_UNINITIALIZED_AUTOS = YES_AGGRESSIVE;
				GCC_WARN_UNUSED_FUNCTION = YES;
				GCC_WARN_UNUSED_VARIABLE = YES;
				IPHONEOS_DEPLOYMENT_TARGET = 10.2;
				MTL_ENABLE_DEBUG_INFO = YES;
				ONLY_ACTIVE_ARCH = YES;
				SDKROOT = iphoneos;
				SWIFT_ACTIVE_COMPILATION_CONDITIONS = DEBUG;
				SWIFT_OPTIMIZATION_LEVEL = "-Onone";
			};
			name = Debug;
		};
		839A89B21E2B6353007C1F70 /* Release */ = {
			isa = XCBuildConfiguration;
			buildSettings = {
				ALWAYS_SEARCH_USER_PATHS = NO;
				CLANG_ANALYZER_NONNULL = YES;
				CLANG_CXX_LANGUAGE_STANDARD = "gnu++0x";
				CLANG_CXX_LIBRARY = "libc++";
				CLANG_ENABLE_MODULES = YES;
				CLANG_ENABLE_OBJC_ARC = YES;
				CLANG_WARN_BOOL_CONVERSION = YES;
				CLANG_WARN_CONSTANT_CONVERSION = YES;
				CLANG_WARN_DIRECT_OBJC_ISA_USAGE = YES_ERROR;
				CLANG_WARN_DOCUMENTATION_COMMENTS = YES;
				CLANG_WARN_EMPTY_BODY = YES;
				CLANG_WARN_ENUM_CONVERSION = YES;
				CLANG_WARN_INFINITE_RECURSION = YES;
				CLANG_WARN_INT_CONVERSION = YES;
				CLANG_WARN_OBJC_ROOT_CLASS = YES_ERROR;
				CLANG_WARN_SUSPICIOUS_MOVE = YES;
				CLANG_WARN_UNREACHABLE_CODE = YES;
				CLANG_WARN__DUPLICATE_METHOD_MATCH = YES;
				"CODE_SIGN_IDENTITY[sdk=iphoneos*]" = "iPhone Developer";
				COPY_PHASE_STRIP = NO;
				DEBUG_INFORMATION_FORMAT = "dwarf-with-dsym";
				ENABLE_NS_ASSERTIONS = NO;
				ENABLE_STRICT_OBJC_MSGSEND = YES;
				GCC_C_LANGUAGE_STANDARD = gnu99;
				GCC_NO_COMMON_BLOCKS = YES;
				GCC_WARN_64_TO_32_BIT_CONVERSION = YES;
				GCC_WARN_ABOUT_RETURN_TYPE = YES_ERROR;
				GCC_WARN_UNDECLARED_SELECTOR = YES;
				GCC_WARN_UNINITIALIZED_AUTOS = YES_AGGRESSIVE;
				GCC_WARN_UNUSED_FUNCTION = YES;
				GCC_WARN_UNUSED_VARIABLE = YES;
				IPHONEOS_DEPLOYMENT_TARGET = 10.2;
				MTL_ENABLE_DEBUG_INFO = NO;
				SDKROOT = iphoneos;
				SWIFT_OPTIMIZATION_LEVEL = "-Owholemodule";
				VALIDATE_PRODUCT = YES;
			};
			name = Release;
		};
		839A89B41E2B6353007C1F70 /* Debug */ = {
			isa = XCBuildConfiguration;
			baseConfigurationReference = 99E11CD8181ABB0ABB98A9C7 /* Pods-Pokédex.debug.xcconfig */;
			buildSettings = {
				ALWAYS_EMBED_SWIFT_STANDARD_LIBRARIES = YES;
				ASSETCATALOG_COMPILER_APPICON_NAME = AppIcon;
				"CODE_SIGN_IDENTITY[sdk=iphoneos*]" = "iPhone Developer";
				DEVELOPMENT_TEAM = 4XT2VA5V66;
				INFOPLIST_FILE = "Pokédex/Info.plist";
				IPHONEOS_DEPLOYMENT_TARGET = 10.0;
				LD_RUNPATH_SEARCH_PATHS = "$(inherited) @executable_path/Frameworks";
				PRODUCT_BUNDLE_IDENTIFIER = "com.christopheraaronbrown.poke-dex";
				PRODUCT_NAME = "$(TARGET_NAME)";
				PROVISIONING_PROFILE_SPECIFIER = "";
				SWIFT_VERSION = 3.0;
				TARGETED_DEVICE_FAMILY = "1,2";
			};
			name = Debug;
		};
		839A89B51E2B6353007C1F70 /* Release */ = {
			isa = XCBuildConfiguration;
			baseConfigurationReference = 0A62088367D81CE062F685C6 /* Pods-Pokédex.release.xcconfig */;
			buildSettings = {
				ALWAYS_EMBED_SWIFT_STANDARD_LIBRARIES = YES;
				ASSETCATALOG_COMPILER_APPICON_NAME = AppIcon;
				"CODE_SIGN_IDENTITY[sdk=iphoneos*]" = "iPhone Developer";
				DEVELOPMENT_TEAM = 4XT2VA5V66;
				INFOPLIST_FILE = "Pokédex/Info.plist";
				IPHONEOS_DEPLOYMENT_TARGET = 10.0;
				LD_RUNPATH_SEARCH_PATHS = "$(inherited) @executable_path/Frameworks";
				PRODUCT_BUNDLE_IDENTIFIER = "com.christopheraaronbrown.poke-dex";
				PRODUCT_NAME = "$(TARGET_NAME)";
				PROVISIONING_PROFILE_SPECIFIER = "";
				SWIFT_VERSION = 3.0;
				TARGETED_DEVICE_FAMILY = "1,2";
			};
			name = Release;
		};
/* End XCBuildConfiguration section */

/* Begin XCConfigurationList section */
		839A899C1E2B6353007C1F70 /* Build configuration list for PBXProject "Pokédex" */ = {
			isa = XCConfigurationList;
			buildConfigurations = (
				839A89B11E2B6353007C1F70 /* Debug */,
				839A89B21E2B6353007C1F70 /* Release */,
			);
			defaultConfigurationIsVisible = 0;
			defaultConfigurationName = Release;
		};
		839A89B31E2B6353007C1F70 /* Build configuration list for PBXNativeTarget "Pokédex" */ = {
			isa = XCConfigurationList;
			buildConfigurations = (
				839A89B41E2B6353007C1F70 /* Debug */,
				839A89B51E2B6353007C1F70 /* Release */,
			);
			defaultConfigurationIsVisible = 0;
			defaultConfigurationName = Release;
		};
/* End XCConfigurationList section */
	};
	rootObject = 839A89991E2B6353007C1F70 /* Project object */;
}
